{
  "version": "5",
  "remote": {
    "https://deno.land/std@0.224.0/assert/assert.ts": "09d30564c09de846855b7b071e62b5974b001bb72a4b797958fe0660e7849834",
    "https://deno.land/std@0.224.0/assert/assertion_error.ts": "ba8752bd27ebc51f723702fac2f54d3e94447598f54264a6653d6413738a8917",
    "https://deno.land/std@0.224.0/bytes/concat.ts": "86161274b5546a02bdb3154652418efe7af8c9310e8d54107a68aaa148e0f5ed",
    "https://deno.land/std@0.224.0/crypto/_wasm/lib/deno_std_wasm_crypto.generated.mjs": "7cd490ae1553c97459bd02de4c3f0a552768a85621949b2366003f3cf84b99d7",
    "https://deno.land/std@0.224.0/crypto/_wasm/mod.ts": "e89fbbc3c4722602ff975dd85f18273c7741ec766a9b68f6de4fd1d9876409f8",
    "https://deno.land/std@0.224.0/crypto/crypto.ts": "e58d78f3db111a499261dbab037ec78cc89da0516a50e1f0205665980a3417e3",
    "https://deno.land/std@0.224.0/uuid/_common.ts": "05c787c5735776c4e48e30294878332c39cb7738f50b209df4eb9f2b0facce4d",
    "https://deno.land/std@0.224.0/uuid/constants.ts": "eb6c96871e968adf3355507d7ae79adce71525fd6c1ca55c51d32ace0196d64e",
    "https://deno.land/std@0.224.0/uuid/mod.ts": "cefc8e2f77d9e493739c8dc4ec141b12b855414bf757e778bf9b00f783506b76",
    "https://deno.land/std@0.224.0/uuid/v1.ts": "cc45e7eb1d463d7d38b21a3c6e4de55ff98598ca442309321575fe841b323a54",
    "https://deno.land/std@0.224.0/uuid/v3.ts": "689f2d64a9460a75877a2eed94662d9cb31bedb890d72fce0d161ef47d66cc26",
    "https://deno.land/std@0.224.0/uuid/v4.ts": "1319a2eeff7259adda416ec5f7997ded80d3165ef0787012793fc8621c18c493",
    "https://deno.land/std@0.224.0/uuid/v5.ts": "75f76d9e53583572fe3d4893168530986222d439b1545b56d4493c6d5d1cd81d",
    "https://esm.sh/@supabase/supabase-js@2.45.0": "36ae57c3f2dc3f94fd122a846b40a87114d29bb2f47e910cb46bee5575febf2e",
    "https://esm.sh/stripe@17.7.0?target=deno": "ddb041a98d12c5cbe22086fd01d57a240125505520a7fcfded79a7f207975486"
  },
  "workspace": {
    "packageJson": {
      "dependencies": [
        "npm:@anthropic-ai/sdk@0.105",
        "npm:@biomejs/biome@^1.9.2",
        "npm:@livekit/components-react@^2.9.23",
        "npm:@livekit/components-styles@^1.2.0",
        "npm:@mediapipe/tasks-vision@~0.10.35",
        "npm:@supabase/supabase-js@^2.45.0",
        "npm:@types/express@^5.0.6",
        "npm:@types/react-dom@^18.3.0",
        "npm:@types/react@^18.3.5",
        "npm:@vitejs/plugin-react@^4.3.1",
        "npm:autoprefixer@^10.4.20",
        "npm:clsx@^2.1.1",
        "npm:dotenv@^17.4.2",
        "npm:express@^5.2.1",
        "npm:libsodium-wrappers-sumo@~0.8.4",
        "npm:livekit-client@^2.20.2",
        "npm:lucide-react@0.447",
        "npm:postcss@^8.4.47",
        "npm:qrcode-generator@^2.0.4",
        "npm:react-dom@^18.3.1",
        "npm:react-router-dom@^6.26.2",
        "npm:react@^18.3.1",
        "npm:supabase@^2.95.3",
        "npm:tailwind-merge@^2.5.2",
        "npm:tailwindcss@^3.4.12",
        "npm:tsx@^4.22.3",
        "npm:typescript@^5.6.2",
        "npm:vite@^5.4.8",
        "npm:zustand@^4.5.5"
      ]
    }
  }
}
